<?xml version="1.0" encoding="utf-8"?>
<Project ToolsVersion="4.0" xmlns="http://schemas.microsoft.com/developer/msbuild/2003">
  <ItemGroup>
    <Filter Include="Source Files">
      <UniqueIdentifier>{4FC737F1-C7A5-4376-A066-2A32D752A2FF}</UniqueIdentifier>
      <Extensions>cpp;c;cc;cxx;c++;cppm;ixx;def;odl;idl;hpj;bat;asm;asmx</Extensions>
    </Filter>
    <Filter Include="Header Files">
      <UniqueIdentifier>{93995380-89BD-4b04-88EB-625FBE52EBFB}</UniqueIdentifier>
      <Extensions>h;hh;hpp;hxx;h++;hm;inl;inc;ipp;xsd</Extensions>
    </Filter>
    <Filter Include="Resource Files">
      <UniqueIdentifier>{67DA6AB6-F800-4c08-8B7A-83BB121AAD01}</UniqueIdentifier>
      <Extensions>rc;ico;cur;bmp;dlg;rc2;rct;bin;rgs;gif;jpg;jpeg;jpe;resx;tiff;tif;png;wav;mfcribbon-ms</Extensions>
    </Filter>
    <Filter Include="Dependency Files">
      <UniqueIdentifier>{58cc6db3-4f2c-421e-85ce-0f5327752ce1}</UniqueIdentifier>
    </Filter>
    <Filter Include="Resource Files\Shaders">
      <UniqueIdentifier>{fb125db1-b3ac-4040-b445-567f7961cf55}</UniqueIdentifier>
    </Filter>
    <Filter Include="Resource Files\Textures">
      <UniqueIdentifier>{522f3cad-9939-472a-8425-b4206434829a}</UniqueIdentifier>
    </Filter>
    <Filter Include="Dependency Files\ImGui">
      <UniqueIdentifier>{443c7c5a-0d1f-499e-a56a-8bd16d13610c}</UniqueIdentifier>
    </Filter>
    <Filter Include="Tests">
      <UniqueIdentifier>{3d70ef5d-6839-4453-884d-2ff5dad9a6b9}</UniqueIdentifier>
    </Filter>
  </ItemGroup>
  <ItemGroup>
    <ClCompile Include="src\Game.cpp">
      <Filter>Source Files</Filter>
    </ClCompile>
    <ClCompile Include="src\IndexBuffer.cpp">
      <Filter>Source Files</Filter>
    </ClCompile>
    <ClCompile Include="src\main.cpp">
      <Filter>Source Files</Filter>
    </ClCompile>
    <ClCompile Include="src\Renderer.cpp">
      <Filter>Source Files</Filter>
    </ClCompile>
    <ClCompile Include="src\Shader.cpp">
      <Filter>Source Files</Filter>
    </ClCompile>
    <ClCompile Include="src\Texture.cpp">
      <Filter>Source Files</Filter>
    </ClCompile>
    <ClCompile Include="src\VertexArray.cpp">
      <Filter>Source Files</Filter>
    </ClCompile>
    <ClCompile Include="src\VertexBuffer.cpp">
      <Filter>Source Files</Filter>
    </ClCompile>
    <ClCompile Include="src\VertexBufferLayout.cpp">
      <Filter>Source Files</Filter>
    </ClCompile>
    <ClCompile Include="src\Window.cpp">
      <Filter>Source Files</Filter>
    </ClCompile>
    <ClCompile Include="src\Tests\TestClearColor.cpp">
      <Filter>Tests</Filter>
    </ClCompile>
    <ClCompile Include="src\Dependencies\stb_image.cpp">
      <Filter>Dependency Files</Filter>
    </ClCompile>
    <ClCompile Include="src\Dependencies\ImGui\imgui.cpp">
      <Filter>Dependency Files\ImGui</Filter>
    </ClCompile>
    <ClCompile Include="src\Dependencies\ImGui\imgui_demo.cpp">
      <Filter>Dependency Files\ImGui</Filter>
    </ClCompile>
    <ClCompile Include="src\Dependencies\ImGui\imgui_draw.cpp">
      <Filter>Dependency Files\ImGui</Filter>
    </ClCompile>
    <ClCompile Include="src\Dependencies\ImGui\imgui_impl_glfw.cpp">
      <Filter>Dependency Files\ImGui</Filter>
    </ClCompile>
    <ClCompile Include="src\Dependencies\ImGui\imgui_impl_opengl3.cpp">
      <Filter>Dependency Files\ImGui</Filter>
    </ClCompile>
    <ClCompile Include="src\Dependencies\ImGui\imgui_tables.cpp">
      <Filter>Dependency Files\ImGui</Filter>
    </ClCompile>
    <ClCompile Include="src\Dependencies\ImGui\imgui_widgets.cpp">
      <Filter>Dependency Files\ImGui</Filter>
    </ClCompile>
    <ClCompile Include="src\Tests\Test.cpp">
      <Filter>Tests</Filter>
    </ClCompile>
    <ClCompile Include="src\Tests\Test3DCubes.cpp">
      <Filter>Tests</Filter>
    </ClCompile>
    <ClCompile Include="src\Tests\TestLighting.cpp">
      <Filter>Tests</Filter>
    </ClCompile>
    <ClCompile Include="E:\Projects\CPP\OpenGL Dependencies\glad.c">
      <Filter>Dependency Files</Filter>
    </ClCompile>
  </ItemGroup>
  <ItemGroup>
    <ClInclude Include="src\Game.h">
      <Filter>Header Files</Filter>
    </ClInclude>
    <ClInclude Include="src\IndexBuffer.h">
      <Filter>Header Files</Filter>
    </ClInclude>
    <ClInclude Include="src\Look.h">
      <Filter>Header Files</Filter>
    </ClInclude>
    <ClInclude Include="src\Renderer.h">
      <Filter>Header Files</Filter>
    </ClInclude>
    <ClInclude Include="src\Shader.h">
      <Filter>Header Files</Filter>
    </ClInclude>
    <ClInclude Include="src\Texture.h">
      <Filter>Header Files</Filter>
    </ClInclude>
    <ClInclude Include="src\VertexArray.h">
      <Filter>Header Files</Filter>
    </ClInclude>
    <ClInclude Include="src\VertexBuffer.h">
      <Filter>Header Files</Filter>
    </ClInclude>
    <ClInclude Include="src\VertexBufferLayout.h">
      <Filter>Header Files</Filter>
    </ClInclude>
    <ClInclude Include="src\Window.h">
      <Filter>Header Files</Filter>
    </ClInclude>
    <ClInclude Include="src\Tests\Test.h">
      <Filter>Tests</Filter>
    </ClInclude>
    <ClInclude Include="src\Tests\TestClearColor.h">
      <Filter>Tests</Filter>
    </ClInclude>
    <ClInclude Include="src\Dependencies\stb_image.h">
      <Filter>Dependency Files</Filter>
    </ClInclude>
    <ClInclude Include="src\Dependencies\ImGui\imconfig.h">
      <Filter>Dependency Files\ImGui</Filter>
    </ClInclude>
    <ClInclude Include="src\Dependencies\ImGui\imgui.h">
      <Filter>Dependency Files\ImGui</Filter>
    </ClInclude>
    <ClInclude Include="src\Dependencies\ImGui\imgui_impl_glfw.h">
      <Filter>Dependency Files\ImGui</Filter>
    </ClInclude>
    <ClInclude Include="src\Dependencies\ImGui\imgui_impl_opengl3.h">
      <Filter>Dependency Files\ImGui</Filter>
    </ClInclude>
    <ClInclude Include="src\Dependencies\ImGui\imgui_impl_opengl3_loader.h">
      <Filter>Dependency Files\ImGui</Filter>
    </ClInclude>
    <ClInclude Include="src\Dependencies\ImGui\imgui_internal.h">
      <Filter>Dependency Files\ImGui</Filter>
    </ClInclude>
    <ClInclude Include="src\Dependencies\ImGui\imstb_rectpack.h">
      <Filter>Dependency Files\ImGui</Filter>
    </ClInclude>
    <ClInclude Include="src\Dependencies\ImGui\imstb_textedit.h">
      <Filter>Dependency Files\ImGui</Filter>
    </ClInclude>
    <ClInclude Include="src\Dependencies\ImGui\imstb_truetype.h">
      <Filter>Dependency Files\ImGui</Filter>
    </ClInclude>
    <ClInclude Include="src\Tests\Test3DCubes.h">
      <Filter>Tests</Filter>
    </ClInclude>
    <ClInclude Include="src\Tests\TestLighting.h">
      <Filter>Tests</Filter>
    </ClInclude>
    <ClInclude Include="src\Camera.h">
      <Filter>Header Files</Filter>
    </ClInclude>
  </ItemGroup>
  <ItemGroup>
    <None Include="res\Shaders\FragmentShader.glsl">
      <Filter>Resource Files\Shaders</Filter>
    </None>
    <None Include="res\Shaders\VertexShader.glsl">
      <Filter>Resource Files\Shaders</Filter>
    </None>
    <None Include="res\Shaders\LightingFragShader.glsl">
      <Filter>Resource Files\Shaders</Filter>
    </None>
    <None Include="res\Shaders\SimpleFragShader.glsl">
      <Filter>Resource Files\Shaders</Filter>
    </None>
    <None Include="res\Shaders\LightingVertexShader.glsl">
      <Filter>Resource Files\Shaders</Filter>
    </None>
    <None Include="res\Shaders\SimpleVertexShader.glsl">
      <Filter>Resource Files\Shaders</Filter>
    </None>
  </ItemGroup>
  <ItemGroup>
    <Image Include="res\Textures\awesomeface.png">
      <Filter>Resource Files\Textures</Filter>
    </Image>
    <Image Include="res\Textures\container.jpg">
      <Filter>Resource Files\Textures</Filter>
    </Image>
    <Image Include="res\Textures\pepe.png">
      <Filter>Resource Files\Textures</Filter>
    </Image>
  </ItemGroup>
</Project>